{
  "version": 4,
  "terraform_version": "0.14.5",
  "serial": 31,
  "lineage": "00c65ea5-2ec7-6623-1373-53d9c630179b",
  "outputs": {},
  "resources": [
    {
      "module": "module.dns",
      "mode": "data",
      "type": "aws_route53_zone",
      "name": "selected",
      "provider": "provider[\"registry.terraform.io/hashicorp/aws\"].root",
      "instances": [
        {
          "schema_version": 0,
          "attributes": {
            "caller_reference": "RISWorkflow-RD:1402bdc6-817c-4177-90fc-c912af18db17",
            "comment": "HostedZone created by Route53 Registrar",
            "id": "Z01486972IXIDV1VC8128",
            "linked_service_description": null,
            "linked_service_principal": null,
            "name": "pocpdm.ca",
            "name_servers": [
              "ns-687.awsdns-21.net",
              "ns-1598.awsdns-07.co.uk",
              "ns-1394.awsdns-46.org",
              "ns-72.awsdns-09.com"
            ],
            "private_zone": false,
            "resource_record_set_count": 16,
            "tags": {
              "DeployWith": "Terraform",
              "Environment": "POC",
              "Project": "PDM"
            },
            "vpc_id": null,
            "zone_id": "Z01486972IXIDV1VC8128"
          },
          "sensitive_attributes": []
        }
      ]
    },
    {
      "module": "module.dns",
      "mode": "managed",
      "type": "aws_route53_record",
      "name": "sub-ns",
      "provider": "provider[\"registry.terraform.io/hashicorp/aws\"].root",
      "instances": [
        {
          "schema_version": 2,
          "attributes": {
            "alias": [],
            "allow_overwrite": null,
            "failover_routing_policy": [],
            "fqdn": "pia.pocpdm.ca",
            "geolocation_routing_policy": [],
            "health_check_id": "",
            "id": "Z01486972IXIDV1VC8128_pia.pocpdm.ca_NS",
            "latency_routing_policy": [],
            "multivalue_answer_routing_policy": null,
            "name": "pia.pocpdm.ca",
            "records": [
              "ns-125.awsdns-15.com",
              "ns-1299.awsdns-34.org",
              "ns-1988.awsdns-56.co.uk",
              "ns-609.awsdns-12.net"
            ],
            "set_identifier": "",
            "ttl": 30,
            "type": "NS",
            "weighted_routing_policy": [],
            "zone_id": "Z01486972IXIDV1VC8128"
          },
          "sensitive_attributes": [],
          "private": "eyJzY2hlbWFfdmVyc2lvbiI6IjIifQ==",
          "dependencies": [
            "module.dns.aws_route53_zone.sub",
            "module.dns.data.aws_route53_zone.selected"
          ]
        }
      ]
    },
    {
      "module": "module.dns",
      "mode": "managed",
      "type": "aws_route53_zone",
      "name": "sub",
      "provider": "provider[\"registry.terraform.io/hashicorp/aws\"].iac",
      "instances": [
        {
          "schema_version": 0,
          "attributes": {
            "comment": "Managed by Terraform",
            "delegation_set_id": "",
            "force_destroy": false,
            "id": "Z00372741FT40SXCTWSN9",
            "name": "pia.pocpdm.ca",
            "name_servers": [
              "ns-125.awsdns-15.com",
              "ns-1299.awsdns-34.org",
              "ns-1988.awsdns-56.co.uk",
              "ns-609.awsdns-12.net"
            ],
            "tags": {
              "Environment": "POC",
              "Project": "PIA",
              "Terraform": "true"
            },
            "vpc": [],
            "zone_id": "Z00372741FT40SXCTWSN9"
          },
          "sensitive_attributes": [],
          "private": "bnVsbA=="
        }
      ]
    },
    {
      "module": "module.ses",
      "mode": "data",
      "type": "aws_iam_policy_document",
      "name": "SESPolicyDomainNotificationFullAccess",
      "provider": "provider[\"registry.terraform.io/hashicorp/aws\"].iac",
      "instances": [
        {
          "schema_version": 0,
          "attributes": {
            "id": "1554834852",
            "json": "{\n  \"Version\": \"2012-10-17\",\n  \"Statement\": [\n    {\n      \"Sid\": \"\",\n      \"Effect\": \"Allow\",\n      \"Action\": \"SES:SendRawEmail\",\n      \"Resource\": \"arn:aws:ses:ca-central-1:714227420245:identity/pia.pocpdm.ca\",\n      \"Principal\": {\n        \"AWS\": \"*\"\n      }\n    }\n  ]\n}",
            "override_json": null,
            "override_policy_documents": null,
            "policy_id": null,
            "source_json": null,
            "source_policy_documents": null,
            "statement": [
              {
                "actions": [
                  "SES:SendRawEmail"
                ],
                "condition": [],
                "effect": "Allow",
                "not_actions": [],
                "not_principals": [],
                "not_resources": [],
                "principals": [
                  {
                    "identifiers": [
                      "*"
                    ],
                    "type": "AWS"
                  }
                ],
                "resources": [
                  "arn:aws:ses:ca-central-1:714227420245:identity/pia.pocpdm.ca"
                ],
                "sid": ""
              }
            ],
            "version": "2012-10-17"
          },
          "sensitive_attributes": []
        }
      ]
    },
    {
      "module": "module.ses",
      "mode": "data",
      "type": "aws_route53_zone",
      "name": "selected",
      "provider": "provider[\"registry.terraform.io/hashicorp/aws\"].iac",
      "instances": [
        {
          "schema_version": 0,
          "attributes": {
            "caller_reference": "terraform-20210309181413100800000001",
            "comment": "Managed by Terraform",
            "id": "Z00372741FT40SXCTWSN9",
            "linked_service_description": null,
            "linked_service_principal": null,
            "name": "pia.pocpdm.ca",
            "name_servers": [
              "ns-125.awsdns-15.com",
              "ns-609.awsdns-12.net",
              "ns-1988.awsdns-56.co.uk",
              "ns-1299.awsdns-34.org"
            ],
            "private_zone": false,
            "resource_record_set_count": 7,
            "tags": {
              "Environment": "POC",
              "Project": "PIA",
              "Terraform": "true"
            },
            "vpc_id": null,
            "zone_id": "Z00372741FT40SXCTWSN9"
          },
          "sensitive_attributes": []
        }
      ]
    },
    {
      "module": "module.ses",
      "mode": "managed",
      "type": "aws_route53_record",
      "name": "amazonses_dkim_record",
      "provider": "provider[\"registry.terraform.io/hashicorp/aws\"].iac",
      "instances": [
        {
          "index_key": 0,
          "schema_version": 2,
          "attributes": {
            "alias": [],
            "allow_overwrite": null,
            "failover_routing_policy": [],
            "fqdn": "euvcuz2hrl3aa25vonivd37zhst6td4u._domainkey.pia.pocpdm.ca",
            "geolocation_routing_policy": [],
            "health_check_id": "",
            "id": "Z00372741FT40SXCTWSN9_euvcuz2hrl3aa25vonivd37zhst6td4u._domainkey_CNAME",
            "latency_routing_policy": [],
            "multivalue_answer_routing_policy": null,
            "name": "euvcuz2hrl3aa25vonivd37zhst6td4u._domainkey",
            "records": [
              "euvcuz2hrl3aa25vonivd37zhst6td4u.dkim.amazonses.com"
            ],
            "set_identifier": "",
            "ttl": 600,
            "type": "CNAME",
            "weighted_routing_policy": [],
            "zone_id": "Z00372741FT40SXCTWSN9"
          },
          "sensitive_attributes": [],
          "private": "eyJzY2hlbWFfdmVyc2lvbiI6IjIifQ==",
          "dependencies": [
            "module.dns.aws_route53_zone.sub",
            "module.ses.aws_ses_domain_dkim.principal",
            "module.ses.aws_ses_domain_identity.main",
            "module.ses.data.aws_route53_zone.selected"
          ]
        },
        {
          "index_key": 1,
          "schema_version": 2,
          "attributes": {
            "alias": [],
            "allow_overwrite": null,
            "failover_routing_policy": [],
            "fqdn": "cff5mjfzldzsm2dz7qbj3jcd2uh53hrw._domainkey.pia.pocpdm.ca",
            "geolocation_routing_policy": [],
            "health_check_id": "",
            "id": "Z00372741FT40SXCTWSN9_cff5mjfzldzsm2dz7qbj3jcd2uh53hrw._domainkey_CNAME",
            "latency_routing_policy": [],
            "multivalue_answer_routing_policy": null,
            "name": "cff5mjfzldzsm2dz7qbj3jcd2uh53hrw._domainkey",
            "records": [
              "cff5mjfzldzsm2dz7qbj3jcd2uh53hrw.dkim.amazonses.com"
            ],
            "set_identifier": "",
            "ttl": 600,
            "type": "CNAME",
            "weighted_routing_policy": [],
            "zone_id": "Z00372741FT40SXCTWSN9"
          },
          "sensitive_attributes": [],
          "private": "eyJzY2hlbWFfdmVyc2lvbiI6IjIifQ==",
          "dependencies": [
            "module.dns.aws_route53_zone.sub",
            "module.ses.aws_ses_domain_dkim.principal",
            "module.ses.aws_ses_domain_identity.main",
            "module.ses.data.aws_route53_zone.selected"
          ]
        },
        {
          "index_key": 2,
          "schema_version": 2,
          "attributes": {
            "alias": [],
            "allow_overwrite": null,
            "failover_routing_policy": [],
            "fqdn": "myvb5kgf3b5jc3tuxux2bumj5r72jlld._domainkey.pia.pocpdm.ca",
            "geolocation_routing_policy": [],
            "health_check_id": "",
            "id": "Z00372741FT40SXCTWSN9_myvb5kgf3b5jc3tuxux2bumj5r72jlld._domainkey_CNAME",
            "latency_routing_policy": [],
            "multivalue_answer_routing_policy": null,
            "name": "myvb5kgf3b5jc3tuxux2bumj5r72jlld._domainkey",
            "records": [
              "myvb5kgf3b5jc3tuxux2bumj5r72jlld.dkim.amazonses.com"
            ],
            "set_identifier": "",
            "ttl": 600,
            "type": "CNAME",
            "weighted_routing_policy": [],
            "zone_id": "Z00372741FT40SXCTWSN9"
          },
          "sensitive_attributes": [],
          "private": "eyJzY2hlbWFfdmVyc2lvbiI6IjIifQ==",
          "dependencies": [
            "module.dns.aws_route53_zone.sub",
            "module.ses.aws_ses_domain_dkim.principal",
            "module.ses.aws_ses_domain_identity.main",
            "module.ses.data.aws_route53_zone.selected"
          ]
        }
      ]
    },
    {
      "module": "module.ses",
      "mode": "managed",
      "type": "aws_route53_record",
      "name": "amazonses_verification_record",
      "provider": "provider[\"registry.terraform.io/hashicorp/aws\"].iac",
      "instances": [
        {
          "schema_version": 2,
          "attributes": {
            "alias": [],
            "allow_overwrite": null,
            "failover_routing_policy": [],
            "fqdn": "_amazonses.z00372741ft40sxctwsn9.pia.pocpdm.ca",
            "geolocation_routing_policy": [],
            "health_check_id": null,
            "id": "Z00372741FT40SXCTWSN9__amazonses.z00372741ft40sxctwsn9_TXT",
            "latency_routing_policy": [],
            "multivalue_answer_routing_policy": null,
            "name": "_amazonses.z00372741ft40sxctwsn9",
            "records": [
              "0RExzTp5D0fNINy6oLVW7smXaVmoFcUs2aYMLwyK7Hs="
            ],
            "set_identifier": null,
            "ttl": 600,
            "type": "TXT",
            "weighted_routing_policy": [],
            "zone_id": "Z00372741FT40SXCTWSN9"
          },
          "sensitive_attributes": [],
          "private": "eyJzY2hlbWFfdmVyc2lvbiI6IjIifQ==",
          "dependencies": [
            "module.ses.aws_ses_domain_identity.main",
            "module.ses.data.aws_route53_zone.selected"
          ]
        }
      ]
    },
    {
      "module": "module.ses",
      "mode": "managed",
      "type": "aws_route53_record",
      "name": "ses_domain_mail_from_mx",
      "provider": "provider[\"registry.terraform.io/hashicorp/aws\"].iac",
      "instances": [
        {
          "schema_version": 2,
          "attributes": {
            "alias": [],
            "allow_overwrite": null,
            "failover_routing_policy": [],
            "fqdn": "bounce.pia.pocpdm.ca",
            "geolocation_routing_policy": [],
            "health_check_id": "",
            "id": "Z00372741FT40SXCTWSN9_bounce.pia.pocpdm.ca_MX",
            "latency_routing_policy": [],
            "multivalue_answer_routing_policy": null,
            "name": "bounce.pia.pocpdm.ca",
            "records": [
              "10 feedback-smtp.ca-central-1.amazonses.com"
            ],
            "set_identifier": "",
            "ttl": 600,
            "type": "MX",
            "weighted_routing_policy": [],
            "zone_id": "Z00372741FT40SXCTWSN9"
          },
          "sensitive_attributes": [],
          "private": "eyJzY2hlbWFfdmVyc2lvbiI6IjIifQ==",
          "dependencies": [
            "module.dns.aws_route53_zone.sub",
            "module.ses.aws_ses_domain_identity.main",
            "module.ses.aws_ses_domain_mail_from.main",
            "module.ses.data.aws_route53_zone.selected"
          ]
        }
      ]
    },
    {
      "module": "module.ses",
      "mode": "managed",
      "type": "aws_route53_record",
      "name": "ses_domain_mail_from_txt",
      "provider": "provider[\"registry.terraform.io/hashicorp/aws\"].iac",
      "instances": [
        {
          "schema_version": 2,
          "attributes": {
            "alias": [],
            "allow_overwrite": null,
            "failover_routing_policy": [],
            "fqdn": "bounce.pia.pocpdm.ca",
            "geolocation_routing_policy": [],
            "health_check_id": "",
            "id": "Z00372741FT40SXCTWSN9_bounce.pia.pocpdm.ca_TXT",
            "latency_routing_policy": [],
            "multivalue_answer_routing_policy": null,
            "name": "bounce.pia.pocpdm.ca",
            "records": [
              "0RExzTp5D0fNINy6oLVW7smXaVmoFcUs2aYMLwyK7Hs="
            ],
            "set_identifier": "",
            "ttl": 600,
            "type": "TXT",
            "weighted_routing_policy": [],
            "zone_id": "Z00372741FT40SXCTWSN9"
          },
          "sensitive_attributes": [],
          "private": "eyJzY2hlbWFfdmVyc2lvbiI6IjIifQ==",
          "dependencies": [
            "module.dns.aws_route53_zone.sub",
            "module.ses.aws_ses_domain_identity.main",
            "module.ses.aws_ses_domain_mail_from.main",
            "module.ses.data.aws_route53_zone.selected"
          ]
        }
      ]
    },
    {
      "module": "module.ses",
      "mode": "managed",
      "type": "aws_ses_domain_dkim",
      "name": "principal",
      "provider": "provider[\"registry.terraform.io/hashicorp/aws\"].iac",
      "instances": [
        {
          "schema_version": 0,
          "attributes": {
            "dkim_tokens": [
              "euvcuz2hrl3aa25vonivd37zhst6td4u",
              "cff5mjfzldzsm2dz7qbj3jcd2uh53hrw",
              "myvb5kgf3b5jc3tuxux2bumj5r72jlld"
            ],
            "domain": "pia.pocpdm.ca",
            "id": "pia.pocpdm.ca"
          },
          "sensitive_attributes": [],
          "private": "bnVsbA==",
          "dependencies": [
            "module.dns.aws_route53_zone.sub",
            "module.ses.aws_ses_domain_identity.main"
          ]
        }
      ]
    },
    {
      "module": "module.ses",
      "mode": "managed",
      "type": "aws_ses_domain_identity",
      "name": "main",
      "provider": "provider[\"registry.terraform.io/hashicorp/aws\"].iac",
      "instances": [
        {
          "schema_version": 0,
          "attributes": {
            "arn": "arn:aws:ses:ca-central-1:714227420245:identity/pia.pocpdm.ca",
            "domain": "pia.pocpdm.ca",
            "id": "pia.pocpdm.ca",
            "verification_token": "0RExzTp5D0fNINy6oLVW7smXaVmoFcUs2aYMLwyK7Hs="
          },
          "sensitive_attributes": [],
          "private": "bnVsbA==",
          "dependencies": [
            "module.dns.aws_route53_zone.sub"
          ]
        }
      ]
    },
    {
      "module": "module.ses",
      "mode": "managed",
      "type": "aws_ses_domain_identity_verification",
      "name": "verification",
      "provider": "provider[\"registry.terraform.io/hashicorp/aws\"].iac",
      "instances": []
    },
    {
      "module": "module.ses",
      "mode": "managed",
      "type": "aws_ses_domain_mail_from",
      "name": "main",
      "provider": "provider[\"registry.terraform.io/hashicorp/aws\"].iac",
      "instances": [
        {
          "schema_version": 0,
          "attributes": {
            "behavior_on_mx_failure": "UseDefaultValue",
            "domain": "pia.pocpdm.ca",
            "id": "pia.pocpdm.ca",
            "mail_from_domain": "bounce.pia.pocpdm.ca"
          },
          "sensitive_attributes": [],
          "private": "bnVsbA==",
          "dependencies": [
            "module.dns.aws_route53_zone.sub",
            "module.ses.aws_ses_domain_identity.main"
          ]
        }
      ]
    },
    {
      "module": "module.ses",
      "mode": "managed",
      "type": "aws_ses_email_identity",
      "name": "main",
      "provider": "provider[\"registry.terraform.io/hashicorp/aws\"].iac",
      "instances": [
        {
          "index_key": "eric",
          "schema_version": 0,
          "attributes": {
            "arn": "arn:aws:ses:ca-central-1:714227420245:identity/eric.labranche@mtess.gouv.qc.ca",
            "email": "eric.labranche@mtess.gouv.qc.ca",
            "id": "eric.labranche@mtess.gouv.qc.ca"
          },
          "sensitive_attributes": [],
          "private": "bnVsbA=="
        }
      ]
    },
    {
      "module": "module.ses",
      "mode": "managed",
      "type": "aws_ses_identity_policy",
      "name": "SESFullAccessNotificationDomain",
      "provider": "provider[\"registry.terraform.io/hashicorp/aws\"].iac",
      "instances": [
        {
          "schema_version": 0,
          "attributes": {
            "id": "arn:aws:ses:ca-central-1:714227420245:identity/pia.pocpdm.ca|SESFullAccessNotificationDomain",
            "identity": "arn:aws:ses:ca-central-1:714227420245:identity/pia.pocpdm.ca",
            "name": "SESFullAccessNotificationDomain",
            "policy": "{\"Version\":\"2012-10-17\",\"Statement\":[{\"Sid\":\"\",\"Effect\":\"Allow\",\"Principal\":{\"AWS\":\"*\"},\"Action\":\"SES:SendRawEmail\",\"Resource\":\"arn:aws:ses:ca-central-1:714227420245:identity/pia.pocpdm.ca\"}]}"
          },
          "sensitive_attributes": [],
          "private": "bnVsbA==",
          "dependencies": [
            "module.dns.aws_route53_zone.sub",
            "module.ses.aws_ses_domain_identity.main",
            "module.ses.data.aws_iam_policy_document.SESPolicyDomainNotificationFullAccess"
          ]
        }
      ]
    }
  ]
}
