{
  "version": 4,
  "terraform_version": "0.14.5",
  "serial": 37,
  "lineage": "c3f7afaa-5432-a3c5-58ac-5d4b3ebe22fc",
  "outputs": {
    "organization_arn": {
      "value": "arn:aws:organizations::441707074192:organization/o-4x7muh5abi",
      "type": "string"
    },
    "users_logins_passwords": {
      "value": {
        "eric.labranche": "wcBMA/rdifyN5yzEAQgAMDC7L+chZ4s92mRd/TQWQNSJ+OKGbNsrgS2d0WmyDV3bQyGPWoB5Vx69lCm31DQxm5yNKm5F1hT1EbFEIpDtlwWuOpcaIgeGZd5EI7cdCXvDbbtZJgyhVJOJO/SSbaPP/9fB4qe/JjrYBPBXKlUbhRipUFF/cSRM+TMbGbklMpuZsWpCt3nAkqiRbob1RQPdFw8vye+Cu9DOePVyTv+65WVuY3S3dDpkiEVuBhgSg44MF/tWfTawXv2Tn4QVgJ3s15sZDVoHMBxYeER1SuUdOkJbcEQhV+Ewn30SbuCtY5kwc0eAqTqHy0i5kfAN+uaZxX7fDRq+Q5k2Y+29N90kM9LgAeTUJIbNFAVSTk6BaOcZ+9CH4U9j4MTg/OGVSuA44jtdmA/gZeQrmo4Ixgg86TWFNqeWYdRA4O7iKB/E9OAU5KlFK0KpwIMXYSTaZlRjDVXim4mJOOF3rwA=",
        "francois.cote": "wcBMA/rdifyN5yzEAQgAN8P1cgtYQ/Wv5bOBAkRvm/xVgtIQHUQw+26x2FKcMYx99s1FzRNnErLo83g5/3cpVB+dfNAhyy9yldCMlI0vG6tTaNriv4i9J/AtDKmApof4uVkHzaP4Dz8uj7T9nmUePoPi/iU6wb8rn98EO79oTUD+yza3N4yMgLGEtzc6ta2GfYWmXW/VUvrexbT2cKn40XWmGntlwrQhwaUd71HZQrATSFiRsxa7hC9mVWsXsv9BfBAWTt69xqGUQXuuAbmK4oi60txWNVSkZNaNhPW8bmF00fGQIsAOyvHYqoOPG8aa+V4Vizcf9BWZhFo993Bz1nylU50m97z9/kG5jwpkrtLgAeTNZLWymF2ALa2puDjQszMQ4bTK4DzgheF8uOCV4qNAi5HgleSL+N7TqjZ6902OVdapYQRG4Jjig0PFWOA+5EHgVmMhNGkiIyfe5OUSJczig1ircuF3YgA=",
        "julien.moulin": "wcBMA/rdifyN5yzEAQgAErNZELnz07BjwbsZ7Yjx5viEQRgYstP05ncBbAa/F8rc2TQcZktLj8Z1dl6qCmTgkvLrwBLzVbwoUDN4Llw1XavzcbTSeJNiS3omcBKo5tCo9hEIy45aZgbfrzDjgFMjbvSrQ+wjxoNFPJ0yP2WSzIHmgpYFjiVfxsHi2ByIobnpWlD9KgpcqnfeYvZOcdIqwPWIXzUy5D+K4lho8VfEBhep+2P4dlPgaIm2RSVXOvB81PxqJwwqvQUa8NBA9JZXrfij7LeG6HLYB7SIAMjSeyB1QW29X7/ZgpkiI7zhSX3/spfqkgTPJfegUvAVqh44Jmb/5XIePqXC8LQyK6kWptLgAeTzOsGT1Lo8aBeypYRvf39h4b9F4MjgGeEDluCU4r7ZnBrgD+Q0zuPqMyfz8VFoMj0jKbWP4LziEyo+L+D/5K0NNAKVj6ekzsMbpBkk3o3iG3bdyeERBQA=",
        "kaiss.berkani": "wcBMA/rdifyN5yzEAQgAo3Goi3aULcXXBpJinWD58b0MXbvgrkxvjhwf6+aul2DNtXPdtWS07Y/BnWMayx+7NlhpoVjVT1yvsi6i05Oa5t8j2ABuDgFOxEDE0piF4kB1f2EY/wx84JIwoSt39WotgunqgI2cDQ48K4AtDoZW7rP9kBZGjii1fdYOh4dZ8AqY/B3Ze8wzuYVLw9sOQKsipQTAdDCv9MiAiRVrmSe0Tx1P8lvsayLmMtdKpS72YxCyo98fPG6U2JXs+/WbqF/6cwbRXH5JPONwkGiF3zziMvNm+bOiLdPtdASW76Swh3HFTiQusQg/5Pc1mglJwRRaWbY9fuk7VrxMJ2X79nRwFNLgAeQgC1WMCC5u++F2Uf6F16p44X7X4EPg9uHOTuCu4vxnoZ7gD+TO1zcgi3C1c2Un9TssW4Z/4FXimtbXzuCz5LNmjM8liZQsIukmJ5AL6qLilT8XZuEhCwA=",
        "sylvain.carrier": "wcBMA/rdifyN5yzEAQgAxknUIyTHqloYT7NvwPtp13I9bw5MTRM7mmaCLhilWigUWr80PSeBblmJaaPvtOyIZViAH4rPN6QduzR2Lh1Y/6HU3krz91fyXspzJL9VgOdW1/lJLNR3ZIkBHNdSOGIcpaTxBlEKqU9+jAG7JAh3Ydl3LdhTlCCaYKHATCB1kyfW/x8IroOaYinu0MSF4Yow1KjY6vwbrH9B1dJ92NqRnyPJEQ5UOIVmu8A3q3T8kHHe5903GPqs5L197WxbwQgYP/i4w1mUYWsMr4WTkURrs/qOV9NfIhjl+BJNtgLDUHF0iRBgGWGh5ed3NO+kyxMiwEZ+cA3ItbWvL1tMrmNaQtLgAeRJ0krairzKBv67FC+VWubN4cSN4OLgLeHIjeC54r31tGHg2eQmrLwZgRZZW760kLGrZDHa4FziQ0XA/uDx5LAEf7W5/0qdQDBTvT7ZgzjijvZCS+GF3wA=",
        "yan.boulanger": "wcBMA/rdifyN5yzEAQgAcLm6pK6zL+87vbXlOBRsXVvxGLBJs96+aJxrKEENMog+6X8CBDD34XxuotAsK1Zs0OTApptQuCdeTD1ewEiZEyMoK8t+3+HJr6Uv7UPSdQbqBQnOMBAje4XC2IfDATTWYbuXCjpy3w7SKzpbxZgp6qRbxZgYpX780ad7MH2LqafStFuym3Cn6X1frORW2ZjQsVJjvquHzzmLV93mKuTr3FrHTIDLLhIC7YEuIcToYWJyhZKP3ByIEujO9a6DBtKpIVu9rcQtvxy+4IjYlLAW2XEjYGNO9GMlLgItosONUDEjTIxCaDPjVi9dPPZv2djq4dp5zi2qcn3OtyR+pgs8d9LgAeQ+nk03FN1TWChNr41XZ3kL4QVH4PngcuHnJeDM4rAtunDg6OT+gvI3Wy8pRZ3HfT0KSOBh4IDi7aYcqOD55NMJy7ViJgqhmDalAJ0T3VLiYv4rD+HksgA="
      },
      "type": [
        "object",
        {
          "eric.labranche": "string",
          "francois.cote": "string",
          "julien.moulin": "string",
          "kaiss.berkani": "string",
          "sylvain.carrier": "string",
          "yan.boulanger": "string"
        }
      ]
    }
  },
  "resources": [
    {
      "module": "module.budget",
      "mode": "managed",
      "type": "aws_budgets_budget",
      "name": "cout-global",
      "provider": "provider[\"registry.terraform.io/hashicorp/aws\"].iac",
      "instances": [
        {
          "schema_version": 0,
          "attributes": {
            "account_id": "714227420245",
            "budget_type": "COST",
            "cost_filters": {},
            "cost_types": [
              {
                "include_credit": true,
                "include_discount": true,
                "include_other_subscription": true,
                "include_recurring": true,
                "include_refund": true,
                "include_subscription": true,
                "include_support": true,
                "include_tax": false,
                "include_upfront": true,
                "use_amortized": false,
                "use_blended": false
              }
            ],
            "id": "714227420245:PIA-Budget-Mensuel-Global",
            "limit_amount": "2000.0",
            "limit_unit": "USD",
            "name": "PIA-Budget-Mensuel-Global",
            "name_prefix": null,
            "notification": [
              {
                "comparison_operator": "GREATER_THAN",
                "notification_type": "FORECASTED",
                "subscriber_email_addresses": [
                  "poc005.pfg@itq.gouv.qc.ca"
                ],
                "subscriber_sns_topic_arns": [],
                "threshold": 65,
                "threshold_type": "PERCENTAGE"
              }
            ],
            "time_period_end": "2087-06-15_00:00",
            "time_period_start": "2020-10-01_12:00",
            "time_unit": "MONTHLY"
          },
          "sensitive_attributes": [],
          "private": "bnVsbA=="
        }
      ]
    },
    {
      "module": "module.iam",
      "mode": "managed",
      "type": "aws_iam_account_password_policy",
      "name": "strict",
      "provider": "provider[\"registry.terraform.io/hashicorp/aws\"].iac",
      "instances": [
        {
          "schema_version": 0,
          "attributes": {
            "allow_users_to_change_password": true,
            "expire_passwords": true,
            "hard_expiry": false,
            "id": "iam-account-password-policy",
            "max_password_age": 30,
            "minimum_password_length": 12,
            "password_reuse_prevention": 5,
            "require_lowercase_characters": true,
            "require_numbers": true,
            "require_symbols": true,
            "require_uppercase_characters": true
          },
          "sensitive_attributes": [],
          "private": "bnVsbA=="
        }
      ]
    },
    {
      "module": "module.iam",
      "mode": "managed",
      "type": "aws_iam_group",
      "name": "users_groups",
      "provider": "provider[\"registry.terraform.io/hashicorp/aws\"].iac",
      "instances": [
        {
          "index_key": "audit",
          "schema_version": 0,
          "attributes": {
            "arn": "arn:aws:iam::714227420245:group/users/audit/auditeurs",
            "id": "auditeurs",
            "name": "auditeurs",
            "path": "/users/audit/",
            "unique_id": "AGPA2MS2FRRK2NNAFNAXB"
          },
          "sensitive_attributes": [],
          "private": "bnVsbA=="
        },
        {
          "index_key": "dev",
          "schema_version": 0,
          "attributes": {
            "arn": "arn:aws:iam::714227420245:group/users/developpeurs",
            "id": "developpeurs",
            "name": "developpeurs",
            "path": "/users/",
            "unique_id": "AGPA2MS2FRRK2A7MVKPFU"
          },
          "sensitive_attributes": [],
          "private": "bnVsbA=="
        },
        {
          "index_key": "iac",
          "schema_version": 0,
          "attributes": {
            "arn": "arn:aws:iam::714227420245:group/users/iac/iac",
            "id": "iac",
            "name": "iac",
            "path": "/users/iac/",
            "unique_id": "AGPA2MS2FRRK5D2HGBQFJ"
          },
          "sensitive_attributes": [],
          "private": "bnVsbA=="
        }
      ]
    },
    {
      "module": "module.iam",
      "mode": "managed",
      "type": "aws_iam_group_membership",
      "name": "group_members",
      "provider": "provider[\"registry.terraform.io/hashicorp/aws\"].iac",
      "instances": [
        {
          "index_key": "audit",
          "schema_version": 0,
          "attributes": {
            "group": "auditeurs",
            "id": "auditeurs_members",
            "name": "auditeurs_members",
            "users": []
          },
          "sensitive_attributes": [],
          "private": "bnVsbA==",
          "dependencies": [
            "module.iam.aws_iam_group.users_groups",
            "module.iam.aws_iam_user.users",
            "module.iam.aws_iam_user.users_service"
          ]
        },
        {
          "index_key": "dev",
          "schema_version": 0,
          "attributes": {
            "group": "developpeurs",
            "id": "developpeurs_members",
            "name": "developpeurs_members",
            "users": [
              "eric.labranche",
              "francois.cote",
              "julien.moulin",
              "kaiss.berkani",
              "sylvain.carrier",
              "yan.boulanger"
            ]
          },
          "sensitive_attributes": [],
          "private": "bnVsbA==",
          "dependencies": [
            "module.iam.aws_iam_group.users_groups",
            "module.iam.aws_iam_user.users",
            "module.iam.aws_iam_user.users_service"
          ]
        },
        {
          "index_key": "iac",
          "schema_version": 0,
          "attributes": {
            "group": "iac",
            "id": "iac_members",
            "name": "iac_members",
            "users": [
              "cs_iac"
            ]
          },
          "sensitive_attributes": [],
          "private": "bnVsbA==",
          "dependencies": [
            "module.iam.aws_iam_group.users_groups",
            "module.iam.aws_iam_user.users",
            "module.iam.aws_iam_user.users_service"
          ]
        }
      ]
    },
    {
      "module": "module.iam",
      "mode": "managed",
      "type": "aws_iam_group_policy_attachment",
      "name": "group_policy_att",
      "provider": "provider[\"registry.terraform.io/hashicorp/aws\"].iac",
      "instances": [
        {
          "index_key": "audit",
          "schema_version": 0,
          "attributes": {
            "group": "auditeurs",
            "id": "auditeurs-20210127060014393500000002",
            "policy_arn": "arn:aws:iam::aws:policy/ReadOnlyAccess"
          },
          "sensitive_attributes": [],
          "private": "bnVsbA==",
          "dependencies": [
            "module.iam.aws_iam_group.users_groups"
          ]
        },
        {
          "index_key": "dev",
          "schema_version": 0,
          "attributes": {
            "group": "developpeurs",
            "id": "developpeurs-20210127060014388100000001",
            "policy_arn": "arn:aws:iam::aws:policy/AdministratorAccess"
          },
          "sensitive_attributes": [],
          "private": "bnVsbA==",
          "dependencies": [
            "module.iam.aws_iam_group.users_groups"
          ]
        },
        {
          "index_key": "iac",
          "schema_version": 0,
          "attributes": {
            "group": "iac",
            "id": "iac-20210127060014410600000003",
            "policy_arn": "arn:aws:iam::aws:policy/AdministratorAccess"
          },
          "sensitive_attributes": [],
          "private": "bnVsbA==",
          "dependencies": [
            "module.iam.aws_iam_group.users_groups"
          ]
        }
      ]
    },
    {
      "module": "module.iam",
      "mode": "managed",
      "type": "aws_iam_user",
      "name": "users",
      "provider": "provider[\"registry.terraform.io/hashicorp/aws\"].iac",
      "instances": [
        {
          "index_key": "eric",
          "schema_version": 0,
          "attributes": {
            "arn": "arn:aws:iam::714227420245:user/users/eric.labranche",
            "force_destroy": false,
            "id": "eric.labranche",
            "name": "eric.labranche",
            "path": "/users/",
            "permissions_boundary": null,
            "tags": {
              "Environment": "POC",
              "Project": "PIA",
              "Terraform": "true"
            },
            "unique_id": "AIDA2MS2FRRKUPGTLLHE6"
          },
          "sensitive_attributes": [],
          "private": "bnVsbA=="
        },
        {
          "index_key": "francois",
          "schema_version": 0,
          "attributes": {
            "arn": "arn:aws:iam::714227420245:user/users/francois.cote",
            "force_destroy": false,
            "id": "francois.cote",
            "name": "francois.cote",
            "path": "/users/",
            "permissions_boundary": null,
            "tags": {
              "Environment": "POC",
              "Project": "PIA",
              "Terraform": "true"
            },
            "unique_id": "AIDA2MS2FRRK7OPROOKKN"
          },
          "sensitive_attributes": [],
          "private": "bnVsbA=="
        },
        {
          "index_key": "julien",
          "schema_version": 0,
          "attributes": {
            "arn": "arn:aws:iam::714227420245:user/users/julien.moulin",
            "force_destroy": false,
            "id": "julien.moulin",
            "name": "julien.moulin",
            "path": "/users/",
            "permissions_boundary": null,
            "tags": {
              "Environment": "POC",
              "Project": "PIA",
              "Terraform": "true"
            },
            "unique_id": "AIDA2MS2FRRKUZSVTFFNO"
          },
          "sensitive_attributes": [],
          "private": "bnVsbA=="
        },
        {
          "index_key": "kaiss",
          "schema_version": 0,
          "attributes": {
            "arn": "arn:aws:iam::714227420245:user/users/kaiss.berkani",
            "force_destroy": false,
            "id": "kaiss.berkani",
            "name": "kaiss.berkani",
            "path": "/users/",
            "permissions_boundary": null,
            "tags": {
              "Environment": "POC",
              "Project": "PIA",
              "Terraform": "true"
            },
            "unique_id": "AIDA2MS2FRRKSVF7BAXFL"
          },
          "sensitive_attributes": [],
          "private": "bnVsbA=="
        },
        {
          "index_key": "sylvain",
          "schema_version": 0,
          "attributes": {
            "arn": "arn:aws:iam::714227420245:user/users/sylvain.carrier",
            "force_destroy": false,
            "id": "sylvain.carrier",
            "name": "sylvain.carrier",
            "path": "/users/",
            "permissions_boundary": null,
            "tags": {
              "Environment": "POC",
              "Project": "PIA",
              "Terraform": "true"
            },
            "unique_id": "AIDA2MS2FRRKSCGPLXBGE"
          },
          "sensitive_attributes": [],
          "private": "bnVsbA=="
        },
        {
          "index_key": "yan",
          "schema_version": 0,
          "attributes": {
            "arn": "arn:aws:iam::714227420245:user/users/yan.boulanger",
            "force_destroy": false,
            "id": "yan.boulanger",
            "name": "yan.boulanger",
            "path": "/users/",
            "permissions_boundary": null,
            "tags": {
              "Environment": "POC",
              "Project": "PIA",
              "Terraform": "true"
            },
            "unique_id": "AIDA2MS2FRRKZPIEC4FP7"
          },
          "sensitive_attributes": [],
          "private": "bnVsbA=="
        }
      ]
    },
    {
      "module": "module.iam",
      "mode": "managed",
      "type": "aws_iam_user",
      "name": "users_service",
      "provider": "provider[\"registry.terraform.io/hashicorp/aws\"].iac",
      "instances": [
        {
          "index_key": "cs_iac",
          "schema_version": 0,
          "attributes": {
            "arn": "arn:aws:iam::714227420245:user/services/cs_iac",
            "force_destroy": false,
            "id": "cs_iac",
            "name": "cs_iac",
            "path": "/services/",
            "permissions_boundary": null,
            "tags": {
              "Environment": "POC",
              "Project": "PIA",
              "Terraform": "true"
            },
            "unique_id": "AIDA2MS2FRRKSFLZWDOY2"
          },
          "sensitive_attributes": [],
          "private": "bnVsbA=="
        }
      ]
    },
    {
      "module": "module.iam",
      "mode": "managed",
      "type": "aws_iam_user_login_profile",
      "name": "users_login",
      "provider": "provider[\"registry.terraform.io/hashicorp/aws\"].iac",
      "instances": [
        {
          "index_key": "eric",
          "schema_version": 0,
          "attributes": {
            "encrypted_password": "wcBMA/rdifyN5yzEAQgAMDC7L+chZ4s92mRd/TQWQNSJ+OKGbNsrgS2d0WmyDV3bQyGPWoB5Vx69lCm31DQxm5yNKm5F1hT1EbFEIpDtlwWuOpcaIgeGZd5EI7cdCXvDbbtZJgyhVJOJO/SSbaPP/9fB4qe/JjrYBPBXKlUbhRipUFF/cSRM+TMbGbklMpuZsWpCt3nAkqiRbob1RQPdFw8vye+Cu9DOePVyTv+65WVuY3S3dDpkiEVuBhgSg44MF/tWfTawXv2Tn4QVgJ3s15sZDVoHMBxYeER1SuUdOkJbcEQhV+Ewn30SbuCtY5kwc0eAqTqHy0i5kfAN+uaZxX7fDRq+Q5k2Y+29N90kM9LgAeTUJIbNFAVSTk6BaOcZ+9CH4U9j4MTg/OGVSuA44jtdmA/gZeQrmo4Ixgg86TWFNqeWYdRA4O7iKB/E9OAU5KlFK0KpwIMXYSTaZlRjDVXim4mJOOF3rwA=",
            "id": "eric.labranche",
            "key_fingerprint": "0b197be5fa099d9d267cc80ee3e49cf3d6a83d0b",
            "password_length": 20,
            "password_reset_required": true,
            "pgp_key": "keybase:jasonouellet",
            "user": "eric.labranche"
          },
          "sensitive_attributes": [],
          "private": "bnVsbA==",
          "dependencies": [
            "module.iam.aws_iam_user.users"
          ]
        },
        {
          "index_key": "francois",
          "schema_version": 0,
          "attributes": {
            "encrypted_password": "wcBMA/rdifyN5yzEAQgAN8P1cgtYQ/Wv5bOBAkRvm/xVgtIQHUQw+26x2FKcMYx99s1FzRNnErLo83g5/3cpVB+dfNAhyy9yldCMlI0vG6tTaNriv4i9J/AtDKmApof4uVkHzaP4Dz8uj7T9nmUePoPi/iU6wb8rn98EO79oTUD+yza3N4yMgLGEtzc6ta2GfYWmXW/VUvrexbT2cKn40XWmGntlwrQhwaUd71HZQrATSFiRsxa7hC9mVWsXsv9BfBAWTt69xqGUQXuuAbmK4oi60txWNVSkZNaNhPW8bmF00fGQIsAOyvHYqoOPG8aa+V4Vizcf9BWZhFo993Bz1nylU50m97z9/kG5jwpkrtLgAeTNZLWymF2ALa2puDjQszMQ4bTK4DzgheF8uOCV4qNAi5HgleSL+N7TqjZ6902OVdapYQRG4Jjig0PFWOA+5EHgVmMhNGkiIyfe5OUSJczig1ircuF3YgA=",
            "id": "francois.cote",
            "key_fingerprint": "0b197be5fa099d9d267cc80ee3e49cf3d6a83d0b",
            "password_length": 20,
            "password_reset_required": true,
            "pgp_key": "keybase:jasonouellet",
            "user": "francois.cote"
          },
          "sensitive_attributes": [],
          "private": "bnVsbA==",
          "dependencies": [
            "module.iam.aws_iam_user.users"
          ]
        },
        {
          "index_key": "julien",
          "schema_version": 0,
          "attributes": {
            "encrypted_password": "wcBMA/rdifyN5yzEAQgAErNZELnz07BjwbsZ7Yjx5viEQRgYstP05ncBbAa/F8rc2TQcZktLj8Z1dl6qCmTgkvLrwBLzVbwoUDN4Llw1XavzcbTSeJNiS3omcBKo5tCo9hEIy45aZgbfrzDjgFMjbvSrQ+wjxoNFPJ0yP2WSzIHmgpYFjiVfxsHi2ByIobnpWlD9KgpcqnfeYvZOcdIqwPWIXzUy5D+K4lho8VfEBhep+2P4dlPgaIm2RSVXOvB81PxqJwwqvQUa8NBA9JZXrfij7LeG6HLYB7SIAMjSeyB1QW29X7/ZgpkiI7zhSX3/spfqkgTPJfegUvAVqh44Jmb/5XIePqXC8LQyK6kWptLgAeTzOsGT1Lo8aBeypYRvf39h4b9F4MjgGeEDluCU4r7ZnBrgD+Q0zuPqMyfz8VFoMj0jKbWP4LziEyo+L+D/5K0NNAKVj6ekzsMbpBkk3o3iG3bdyeERBQA=",
            "id": "julien.moulin",
            "key_fingerprint": "0b197be5fa099d9d267cc80ee3e49cf3d6a83d0b",
            "password_length": 20,
            "password_reset_required": true,
            "pgp_key": "keybase:jasonouellet",
            "user": "julien.moulin"
          },
          "sensitive_attributes": [],
          "private": "bnVsbA==",
          "dependencies": [
            "module.iam.aws_iam_user.users"
          ]
        },
        {
          "index_key": "kaiss",
          "schema_version": 0,
          "attributes": {
            "encrypted_password": "wcBMA/rdifyN5yzEAQgAo3Goi3aULcXXBpJinWD58b0MXbvgrkxvjhwf6+aul2DNtXPdtWS07Y/BnWMayx+7NlhpoVjVT1yvsi6i05Oa5t8j2ABuDgFOxEDE0piF4kB1f2EY/wx84JIwoSt39WotgunqgI2cDQ48K4AtDoZW7rP9kBZGjii1fdYOh4dZ8AqY/B3Ze8wzuYVLw9sOQKsipQTAdDCv9MiAiRVrmSe0Tx1P8lvsayLmMtdKpS72YxCyo98fPG6U2JXs+/WbqF/6cwbRXH5JPONwkGiF3zziMvNm+bOiLdPtdASW76Swh3HFTiQusQg/5Pc1mglJwRRaWbY9fuk7VrxMJ2X79nRwFNLgAeQgC1WMCC5u++F2Uf6F16p44X7X4EPg9uHOTuCu4vxnoZ7gD+TO1zcgi3C1c2Un9TssW4Z/4FXimtbXzuCz5LNmjM8liZQsIukmJ5AL6qLilT8XZuEhCwA=",
            "id": "kaiss.berkani",
            "key_fingerprint": "0b197be5fa099d9d267cc80ee3e49cf3d6a83d0b",
            "password_length": 20,
            "password_reset_required": true,
            "pgp_key": "keybase:jasonouellet",
            "user": "kaiss.berkani"
          },
          "sensitive_attributes": [],
          "private": "bnVsbA==",
          "dependencies": [
            "module.iam.aws_iam_user.users"
          ]
        },
        {
          "index_key": "sylvain",
          "schema_version": 0,
          "attributes": {
            "encrypted_password": "wcBMA/rdifyN5yzEAQgAxknUIyTHqloYT7NvwPtp13I9bw5MTRM7mmaCLhilWigUWr80PSeBblmJaaPvtOyIZViAH4rPN6QduzR2Lh1Y/6HU3krz91fyXspzJL9VgOdW1/lJLNR3ZIkBHNdSOGIcpaTxBlEKqU9+jAG7JAh3Ydl3LdhTlCCaYKHATCB1kyfW/x8IroOaYinu0MSF4Yow1KjY6vwbrH9B1dJ92NqRnyPJEQ5UOIVmu8A3q3T8kHHe5903GPqs5L197WxbwQgYP/i4w1mUYWsMr4WTkURrs/qOV9NfIhjl+BJNtgLDUHF0iRBgGWGh5ed3NO+kyxMiwEZ+cA3ItbWvL1tMrmNaQtLgAeRJ0krairzKBv67FC+VWubN4cSN4OLgLeHIjeC54r31tGHg2eQmrLwZgRZZW760kLGrZDHa4FziQ0XA/uDx5LAEf7W5/0qdQDBTvT7ZgzjijvZCS+GF3wA=",
            "id": "sylvain.carrier",
            "key_fingerprint": "0b197be5fa099d9d267cc80ee3e49cf3d6a83d0b",
            "password_length": 20,
            "password_reset_required": true,
            "pgp_key": "keybase:jasonouellet",
            "user": "sylvain.carrier"
          },
          "sensitive_attributes": [],
          "private": "bnVsbA==",
          "dependencies": [
            "module.iam.aws_iam_user.users"
          ]
        },
        {
          "index_key": "yan",
          "schema_version": 0,
          "attributes": {
            "encrypted_password": "wcBMA/rdifyN5yzEAQgAcLm6pK6zL+87vbXlOBRsXVvxGLBJs96+aJxrKEENMog+6X8CBDD34XxuotAsK1Zs0OTApptQuCdeTD1ewEiZEyMoK8t+3+HJr6Uv7UPSdQbqBQnOMBAje4XC2IfDATTWYbuXCjpy3w7SKzpbxZgp6qRbxZgYpX780ad7MH2LqafStFuym3Cn6X1frORW2ZjQsVJjvquHzzmLV93mKuTr3FrHTIDLLhIC7YEuIcToYWJyhZKP3ByIEujO9a6DBtKpIVu9rcQtvxy+4IjYlLAW2XEjYGNO9GMlLgItosONUDEjTIxCaDPjVi9dPPZv2djq4dp5zi2qcn3OtyR+pgs8d9LgAeQ+nk03FN1TWChNr41XZ3kL4QVH4PngcuHnJeDM4rAtunDg6OT+gvI3Wy8pRZ3HfT0KSOBh4IDi7aYcqOD55NMJy7ViJgqhmDalAJ0T3VLiYv4rD+HksgA=",
            "id": "yan.boulanger",
            "key_fingerprint": "0b197be5fa099d9d267cc80ee3e49cf3d6a83d0b",
            "password_length": 20,
            "password_reset_required": true,
            "pgp_key": "keybase:jasonouellet",
            "user": "yan.boulanger"
          },
          "sensitive_attributes": [],
          "private": "bnVsbA==",
          "dependencies": [
            "module.iam.aws_iam_user.users"
          ]
        }
      ]
    },
    {
      "module": "module.organization",
      "mode": "data",
      "type": "aws_organizations_organization",
      "name": "org",
      "provider": "provider[\"registry.terraform.io/hashicorp/aws\"].root",
      "instances": [
        {
          "schema_version": 0,
          "attributes": {
            "accounts": [
              {
                "arn": "arn:aws:organizations::441707074192:account/o-4x7muh5abi/714227420245",
                "email": "poc005.pfg@itq.gouv.qc.ca",
                "id": "714227420245",
                "name": "PocPia",
                "status": "ACTIVE"
              },
              {
                "arn": "arn:aws:organizations::441707074192:account/o-4x7muh5abi/774078772134",
                "email": "nadjib.bettache@itq.gouv.qc.ca",
                "id": "774078772134",
                "name": "PdmBdDev",
                "status": "ACTIVE"
              },
              {
                "arn": "arn:aws:organizations::441707074192:account/o-4x7muh5abi/445499750500",
                "email": "michel.larouche@itq.gouv.qc.ca",
                "id": "445499750500",
                "name": "PDM-Partage",
                "status": "ACTIVE"
              },
              {
                "arn": "arn:aws:organizations::441707074192:account/o-4x7muh5abi/075304769642",
                "email": "ephm001.pfg@itq.gouv.qc.ca",
                "id": "075304769642",
                "name": "SqinDev",
                "status": "ACTIVE"
              },
              {
                "arn": "arn:aws:organizations::441707074192:account/o-4x7muh5abi/805238525761",
                "email": "poc003.pfg@itq.gouv.qc.ca",
                "id": "805238525761",
                "name": "PdmDev",
                "status": "ACTIVE"
              },
              {
                "arn": "arn:aws:organizations::441707074192:account/o-4x7muh5abi/441707074192",
                "email": "poc001.pfg@itq.gouv.qc.ca",
                "id": "441707074192",
                "name": "PDM - POC",
                "status": "ACTIVE"
              }
            ],
            "arn": "arn:aws:organizations::441707074192:organization/o-4x7muh5abi",
            "aws_service_access_principals": [
              "cloudtrail.amazonaws.com",
              "config.amazonaws.com",
              "health.amazonaws.com",
              "ram.amazonaws.com",
              "sso.amazonaws.com",
              "tagpolicies.tag.amazonaws.com"
            ],
            "enabled_policy_types": [
              "SERVICE_CONTROL_POLICY",
              "TAG_POLICY"
            ],
            "feature_set": "ALL",
            "id": "o-4x7muh5abi",
            "master_account_arn": "arn:aws:organizations::441707074192:account/o-4x7muh5abi/441707074192",
            "master_account_email": "poc001.pfg@itq.gouv.qc.ca",
            "master_account_id": "441707074192",
            "non_master_accounts": [
              {
                "arn": "arn:aws:organizations::441707074192:account/o-4x7muh5abi/714227420245",
                "email": "poc005.pfg@itq.gouv.qc.ca",
                "id": "714227420245",
                "name": "PocPia",
                "status": "ACTIVE"
              },
              {
                "arn": "arn:aws:organizations::441707074192:account/o-4x7muh5abi/774078772134",
                "email": "nadjib.bettache@itq.gouv.qc.ca",
                "id": "774078772134",
                "name": "PdmBdDev",
                "status": "ACTIVE"
              },
              {
                "arn": "arn:aws:organizations::441707074192:account/o-4x7muh5abi/445499750500",
                "email": "michel.larouche@itq.gouv.qc.ca",
                "id": "445499750500",
                "name": "PDM-Partage",
                "status": "ACTIVE"
              },
              {
                "arn": "arn:aws:organizations::441707074192:account/o-4x7muh5abi/075304769642",
                "email": "ephm001.pfg@itq.gouv.qc.ca",
                "id": "075304769642",
                "name": "SqinDev",
                "status": "ACTIVE"
              },
              {
                "arn": "arn:aws:organizations::441707074192:account/o-4x7muh5abi/805238525761",
                "email": "poc003.pfg@itq.gouv.qc.ca",
                "id": "805238525761",
                "name": "PdmDev",
                "status": "ACTIVE"
              }
            ],
            "roots": [
              {
                "arn": "arn:aws:organizations::441707074192:root/o-4x7muh5abi/r-ga6d",
                "id": "r-ga6d",
                "name": "Root",
                "policy_types": [
                  {
                    "status": "ENABLED",
                    "type": "TAG_POLICY"
                  },
                  {
                    "status": "ENABLED",
                    "type": "SERVICE_CONTROL_POLICY"
                  }
                ]
              }
            ]
          },
          "sensitive_attributes": []
        }
      ]
    },
    {
      "module": "module.organization",
      "mode": "managed",
      "type": "aws_organizations_account",
      "name": "accounts",
      "provider": "provider[\"registry.terraform.io/hashicorp/aws\"].root",
      "instances": [
        {
          "index_key": "pocpia",
          "schema_version": 0,
          "attributes": {
            "arn": "arn:aws:organizations::441707074192:account/o-4x7muh5abi/714227420245",
            "email": "poc005.pfg@itq.gouv.qc.ca",
            "iam_user_access_to_billing": null,
            "id": "714227420245",
            "joined_method": "CREATED",
            "joined_timestamp": "2021-01-27T04:51:36Z",
            "name": "PocPia",
            "parent_id": "ou-ga6d-xn0h6mbw",
            "role_name": "AdminPocPia",
            "status": "ACTIVE",
            "tags": {
              "Environment": "POC",
              "Project": "PIA",
              "Terraform": "true"
            }
          },
          "sensitive_attributes": [],
          "dependencies": [
            "module.organization.aws_organizations_organizational_unit.zones",
            "module.organization.data.aws_organizations_organization.org"
          ]
        }
      ]
    },
    {
      "module": "module.organization",
      "mode": "managed",
      "type": "aws_organizations_organizational_unit",
      "name": "zones",
      "provider": "provider[\"registry.terraform.io/hashicorp/aws\"].root",
      "instances": [
        {
          "index_key": 0,
          "schema_version": 0,
          "attributes": {
            "accounts": [
              {
                "arn": "arn:aws:organizations::441707074192:account/o-4x7muh5abi/714227420245",
                "email": "poc005.pfg@itq.gouv.qc.ca",
                "id": "714227420245",
                "name": "PocPia"
              }
            ],
            "arn": "arn:aws:organizations::441707074192:ou/o-4x7muh5abi/ou-ga6d-xn0h6mbw",
            "id": "ou-ga6d-xn0h6mbw",
            "name": "MTESS",
            "parent_id": "r-ga6d"
          },
          "sensitive_attributes": [],
          "private": "bnVsbA==",
          "dependencies": [
            "module.organization.data.aws_organizations_organization.org"
          ]
        }
      ]
    }
  ]
}
